// !$*UTF8*$!
{
	archiveVersion = 1;
	classes = {
	};
	objectVersion = 77;
	objects = {

/* Begin PBXBuildFile section */
		08B6C2B359DA511F8B6CF3C1 /* Radius.swift in Sources */ = {isa = PBXBuildFile; fileRef = E16F6AC22B60693A1A58E39A /* Radius.swift */; };
		11D82512F84BEF5AB3255AF9 /* MyShelfView.swift in Sources */ = {isa = PBXBuildFile; fileRef = 2CDD781F4982ECA991B971D3 /* MyShelfView.swift */; };
		12AFF6743E64F9705DD728C3 /* RecommendationEngine.swift in Sources */ = {isa = PBXBuildFile; fileRef = 5A9F16DD3CD8D378DC9171F3 /* RecommendationEngine.swift */; };
		1662CDEAE4E315CAED701BDF /* HeroReadingCard.swift in Sources */ = {isa = PBXBuildFile; fileRef = D644A147FCC71CC5607C8660 /* HeroReadingCard.swift */; };
		1BA3B9778421AC55C039B087 /* Motion.swift in Sources */ = {isa = PBXBuildFile; fileRef = B4C50BF150706FFE909DAB55 /* Motion.swift */; };
		2922FB03A48C45097C9A4DA1 /* RecommendationCard.swift in Sources */ = {isa = PBXBuildFile; fileRef = D13E0C4958AB37EB52984106 /* RecommendationCard.swift */; };
		38A62EFB30E62C717A02B6CE /* AppRootView.swift in Sources */ = {isa = PBXBuildFile; fileRef = 388C1C21E294ED14AA91D0F1 /* AppRootView.swift */; };
		3E5267540396AB4614DC2C3F /* TodayView.swift in Sources */ = {isa = PBXBuildFile; fileRef = 21E2C7C1C2BF4B577E773EFB /* TodayView.swift */; };
		407E6592C9286CBAD23CEF2B /* DogearChip.swift in Sources */ = {isa = PBXBuildFile; fileRef = 3AA3C2B3FCF9D998576CAF09 /* DogearChip.swift */; };
		43800295D5E0B300DA3500C8 /* VibeSearchView.swift in Sources */ = {isa = PBXBuildFile; fileRef = 2B081C5766302DCB70740F14 /* VibeSearchView.swift */; };
		487FFA5B5A3A396C7B07F04B /* RootTabView.swift in Sources */ = {isa = PBXBuildFile; fileRef = 9B2F53441F920C23DB3E64A8 /* RootTabView.swift */; };
		58AF95D724B9D74D65C38A11 /* OnboardingView.swift in Sources */ = {isa = PBXBuildFile; fileRef = 870E944D70CCC3F2D62DD3A9 /* OnboardingView.swift */; };
		624820D8DCC44A562ED34F6C /* Color+Dogear.swift in Sources */ = {isa = PBXBuildFile; fileRef = 2497FF2C26F550143C1F1F38 /* Color+Dogear.swift */; };
		677C57EA87DE231E5FB50D6D /* Book.swift in Sources */ = {isa = PBXBuildFile; fileRef = C28169EC0586B53F9F89B2E7 /* Book.swift */; };
		6BE93F21AD3CAAAAD641295C /* DogearButton.swift in Sources */ = {isa = PBXBuildFile; fileRef = A4B2B8ADE8BAB132AEE6AB8A /* DogearButton.swift */; };
		72F4086F52113856D4DA9D33 /* LibraryStore.swift in Sources */ = {isa = PBXBuildFile; fileRef = D368EFF48A6CEAB5DF0A7252 /* LibraryStore.swift */; };
		8F787D7CF348666A90D22CA7 /* RecommendationRowView.swift in Sources */ = {isa = PBXBuildFile; fileRef = AAC7FFAC87AA1DCC75863205 /* RecommendationRowView.swift */; };
		8FCD8147D6B79BE8AB84B7D1 /* BookCoverView.swift in Sources */ = {isa = PBXBuildFile; fileRef = 1D4CE24CB190703A2597D2EE /* BookCoverView.swift */; };
		913D56AC3CA5AF99C819EA7E /* VibePromptField.swift in Sources */ = {isa = PBXBuildFile; fileRef = 9899110BC1BBCA03FDAD41FC /* VibePromptField.swift */; };
		9A2E852356CF2357705AD047 /* BookDetailView.swift in Sources */ = {isa = PBXBuildFile; fileRef = DA778A5AF4BFC532B3CBA34A /* BookDetailView.swift */; };
		9F3E51CE439393E43F6F3524 /* StartReadingSheet.swift in Sources */ = {isa = PBXBuildFile; fileRef = 764687EC9385CA6A90741172 /* StartReadingSheet.swift */; };
		BE6DF395AE809B7EDDC92AA2 /* Spacing.swift in Sources */ = {isa = PBXBuildFile; fileRef = ECDE17B4346A1DF9B84CE8CF /* Spacing.swift */; };
		C6AF9E2B67FB556AB0F7305F /* StateViews.swift in Sources */ = {isa = PBXBuildFile; fileRef = CF13DB9134922F21AE8E6542 /* StateViews.swift */; };
		D021A5C5C689E1989A2EEA82 /* RecommendationGrid.swift in Sources */ = {isa = PBXBuildFile; fileRef = AE00C107C2C38F6FEE7C1E59 /* RecommendationGrid.swift */; };
		D0759359C84DEE65A769BA28 /* Assets.xcassets in Resources */ = {isa = PBXBuildFile; fileRef = 1221870A53B0CB57D50AE3E9 /* Assets.xcassets */; };
		DC163FF1CF376628C2DCC93C /* ReadingProgressSheet.swift in Sources */ = {isa = PBXBuildFile; fileRef = 9B22962813AF30BE67878732 /* ReadingProgressSheet.swift */; };
		E1CC8ED3BDEC5EBF40F22F7D /* DogearApp.swift in Sources */ = {isa = PBXBuildFile; fileRef = FBA93B138CDB691769D27D95 /* DogearApp.swift */; };
		F2D9B3F7964F3E3ABAC6A4B6 /* Typography.swift in Sources */ = {isa = PBXBuildFile; fileRef = F647FD8AA8FB7BF21F6B4E47 /* Typography.swift */; };
		FFE1209072A046D943853A12 /* OtherViews.swift in Sources */ = {isa = PBXBuildFile; fileRef = C773F1E1E925E5A15625A1FA /* OtherViews.swift */; };
/* End PBXBuildFile section */

/* Begin PBXFileReference section */
		1221870A53B0CB57D50AE3E9 /* Assets.xcassets */ = {isa = PBXFileReference; lastKnownFileType = folder.assetcatalog; path = Assets.xcassets; sourceTree = "<group>"; };
		1B46B8408922363F8F3ED528 /* Info.plist */ = {isa = PBXFileReference; lastKnownFileType = text.plist; path = Info.plist; sourceTree = "<group>"; };
		1D4CE24CB190703A2597D2EE /* BookCoverView.swift */ = {isa = PBXFileReference; lastKnownFileType = sourcecode.swift; path = BookCoverView.swift; sourceTree = "<group>"; };
		21E2C7C1C2BF4B577E773EFB /* TodayView.swift */ = {isa = PBXFileReference; lastKnownFileType = sourcecode.swift; path = TodayView.swift; sourceTree = "<group>"; };
		2497FF2C26F550143C1F1F38 /* Color+Dogear.swift */ = {isa = PBXFileReference; lastKnownFileType = sourcecode.swift; path = "Color+Dogear.swift"; sourceTree = "<group>"; };
		2B081C5766302DCB70740F14 /* VibeSearchView.swift */ = {isa = PBXFileReference; lastKnownFileType = sourcecode.swift; path = VibeSearchView.swift; sourceTree = "<group>"; };
		2CDD781F4982ECA991B971D3 /* MyShelfView.swift */ = {isa = PBXFileReference; lastKnownFileType = sourcecode.swift; path = MyShelfView.swift; sourceTree = "<group>"; };
		388C1C21E294ED14AA91D0F1 /* AppRootView.swift */ = {isa = PBXFileReference; lastKnownFileType = sourcecode.swift; path = AppRootView.swift; sourceTree = "<group>"; };
		3AA3C2B3FCF9D998576CAF09 /* DogearChip.swift */ = {isa = PBXFileReference; lastKnownFileType = sourcecode.swift; path = DogearChip.swift; sourceTree = "<group>"; };
		5A9F16DD3CD8D378DC9171F3 /* RecommendationEngine.swift */ = {isa = PBXFileReference; lastKnownFileType = sourcecode.swift; path = RecommendationEngine.swift; sourceTree = "<group>"; };
		764687EC9385CA6A90741172 /* StartReadingSheet.swift */ = {isa = PBXFileReference; lastKnownFileType = sourcecode.swift; path = StartReadingSheet.swift; sourceTree = "<group>"; };
		870E944D70CCC3F2D62DD3A9 /* OnboardingView.swift */ = {isa = PBXFileReference; lastKnownFileType = sourcecode.swift; path = OnboardingView.swift; sourceTree = "<group>"; };
		9899110BC1BBCA03FDAD41FC /* VibePromptField.swift */ = {isa = PBXFileReference; lastKnownFileType = sourcecode.swift; path = VibePromptField.swift; sourceTree = "<group>"; };
		9B22962813AF30BE67878732 /* ReadingProgressSheet.swift */ = {isa = PBXFileReference; lastKnownFileType = sourcecode.swift; path = ReadingProgressSheet.swift; sourceTree = "<group>"; };
		9B2F53441F920C23DB3E64A8 /* RootTabView.swift */ = {isa = PBXFileReference; lastKnownFileType = sourcecode.swift; path = RootTabView.swift; sourceTree = "<group>"; };
		9D38E5D411645DA14B0AF51A /* Dogear.app */ = {isa = PBXFileReference; includeInIndex = 0; lastKnownFileType = wrapper.application; path = Dogear.app; sourceTree = BUILT_PRODUCTS_DIR; };
		A4B2B8ADE8BAB132AEE6AB8A /* DogearButton.swift */ = {isa = PBXFileReference; lastKnownFileType = sourcecode.swift; path = DogearButton.swift; sourceTree = "<group>"; };
		AAC7FFAC87AA1DCC75863205 /* RecommendationRowView.swift */ = {isa = PBXFileReference; lastKnownFileType = sourcecode.swift; path = RecommendationRowView.swift; sourceTree = "<group>"; };
		AE00C107C2C38F6FEE7C1E59 /* RecommendationGrid.swift */ = {isa = PBXFileReference; lastKnownFileType = sourcecode.swift; path = RecommendationGrid.swift; sourceTree = "<group>"; };
		B4C50BF150706FFE909DAB55 /* Motion.swift */ = {isa = PBXFileReference; lastKnownFileType = sourcecode.swift; path = Motion.swift; sourceTree = "<group>"; };
		C28169EC0586B53F9F89B2E7 /* Book.swift */ = {isa = PBXFileReference; lastKnownFileType = sourcecode.swift; path = Book.swift; sourceTree = "<group>"; };
		C773F1E1E925E5A15625A1FA /* OtherViews.swift */ = {isa = PBXFileReference; lastKnownFileType = sourcecode.swift; path = OtherViews.swift; sourceTree = "<group>"; };
		CF13DB9134922F21AE8E6542 /* StateViews.swift */ = {isa = PBXFileReference; lastKnownFileType = sourcecode.swift; path = StateViews.swift; sourceTree = "<group>"; };
		D13E0C4958AB37EB52984106 /* RecommendationCard.swift */ = {isa = PBXFileReference; lastKnownFileType = sourcecode.swift; path = RecommendationCard.swift; sourceTree = "<group>"; };
		D368EFF48A6CEAB5DF0A7252 /* LibraryStore.swift */ = {isa = PBXFileReference; lastKnownFileType = sourcecode.swift; path = LibraryStore.swift; sourceTree = "<group>"; };
		D644A147FCC71CC5607C8660 /* HeroReadingCard.swift */ = {isa = PBXFileReference; lastKnownFileType = sourcecode.swift; path = HeroReadingCard.swift; sourceTree = "<group>"; };
		DA778A5AF4BFC532B3CBA34A /* BookDetailView.swift */ = {isa = PBXFileReference; lastKnownFileType = sourcecode.swift; path = BookDetailView.swift; sourceTree = "<group>"; };
		E16F6AC22B60693A1A58E39A /* Radius.swift */ = {isa = PBXFileReference; lastKnownFileType = sourcecode.swift; path = Radius.swift; sourceTree = "<group>"; };
		ECDE17B4346A1DF9B84CE8CF /* Spacing.swift */ = {isa = PBXFileReference; lastKnownFileType = sourcecode.swift; path = Spacing.swift; sourceTree = "<group>"; };
		F647FD8AA8FB7BF21F6B4E47 /* Typography.swift */ = {isa = PBXFileReference; lastKnownFileType = sourcecode.swift; path = Typography.swift; sourceTree = "<group>"; };
		FBA93B138CDB691769D27D95 /* DogearApp.swift */ = {isa = PBXFileReference; lastKnownFileType = sourcecode.swift; path = DogearApp.swift; sourceTree = "<group>"; };
/* End PBXFileReference section */

/* Begin PBXGroup section */
		0290932C18286E303C3BFA8E = {
			isa = PBXGroup;
			children = (
				422ABFFA9240D1F583859E6E /* Components */,
				2B3F0D8C848C33638F00EF92 /* DesignSystem */,
				BAD7A90D8B9FE44E56854BA5 /* Generated */,
				3B5B5DC5926678FC646BD9FC /* ios */,
				C37E10CAFBAAFE82BCA3EEC1 /* Models */,
				2ECEB97AEC9C03D9B0753E01 /* Services */,
				635FC13D044060FA22A0F26F /* Views */,
				F815A74F4917F3EB1F1447A3 /* Products */,
			);
			sourceTree = "<group>";
		};
		2B3F0D8C848C33638F00EF92 /* DesignSystem */ = {
			isa = PBXGroup;
			children = (
				2497FF2C26F550143C1F1F38 /* Color+Dogear.swift */,
				B4C50BF150706FFE909DAB55 /* Motion.swift */,
				E16F6AC22B60693A1A58E39A /* Radius.swift */,
				ECDE17B4346A1DF9B84CE8CF /* Spacing.swift */,
				F647FD8AA8FB7BF21F6B4E47 /* Typography.swift */,
			);
			path = DesignSystem;
			sourceTree = "<group>";
		};
		2ECEB97AEC9C03D9B0753E01 /* Services */ = {
			isa = PBXGroup;
			children = (
				D368EFF48A6CEAB5DF0A7252 /* LibraryStore.swift */,
				5A9F16DD3CD8D378DC9171F3 /* RecommendationEngine.swift */,
			);
			path = Services;
			sourceTree = "<group>";
		};
		3B5B5DC5926678FC646BD9FC /* ios */ = {
			isa = PBXGroup;
			children = (
				1221870A53B0CB57D50AE3E9 /* Assets.xcassets */,
				FBA93B138CDB691769D27D95 /* DogearApp.swift */,
				422ABFFA9240D1F583859E6E /* Components */,
				2B3F0D8C848C33638F00EF92 /* DesignSystem */,
				BAD7A90D8B9FE44E56854BA5 /* Generated */,
				C37E10CAFBAAFE82BCA3EEC1 /* Models */,
				2ECEB97AEC9C03D9B0753E01 /* Services */,
				635FC13D044060FA22A0F26F /* Views */,
			);
			name = ios;
			path = .;
			sourceTree = "<group>";
		};
		422ABFFA9240D1F583859E6E /* Components */ = {
			isa = PBXGroup;
			children = (
				A4B2B8ADE8BAB132AEE6AB8A /* DogearButton.swift */,
				3AA3C2B3FCF9D998576CAF09 /* DogearChip.swift */,
				D644A147FCC71CC5607C8660 /* HeroReadingCard.swift */,
				9B22962813AF30BE67878732 /* ReadingProgressSheet.swift */,
				AE00C107C2C38F6FEE7C1E59 /* RecommendationGrid.swift */,
				AAC7FFAC87AA1DCC75863205 /* RecommendationRowView.swift */,
				764687EC9385CA6A90741172 /* StartReadingSheet.swift */,
				CF13DB9134922F21AE8E6542 /* StateViews.swift */,
				9899110BC1BBCA03FDAD41FC /* VibePromptField.swift */,
			);
			path = Components;
			sourceTree = "<group>";
		};
		635FC13D044060FA22A0F26F /* Views */ = {
			isa = PBXGroup;
			children = (
				388C1C21E294ED14AA91D0F1 /* AppRootView.swift */,
				1D4CE24CB190703A2597D2EE /* BookCoverView.swift */,
				DA778A5AF4BFC532B3CBA34A /* BookDetailView.swift */,
				2CDD781F4982ECA991B971D3 /* MyShelfView.swift */,
				870E944D70CCC3F2D62DD3A9 /* OnboardingView.swift */,
				C773F1E1E925E5A15625A1FA /* OtherViews.swift */,
				D13E0C4958AB37EB52984106 /* RecommendationCard.swift */,
				9B2F53441F920C23DB3E64A8 /* RootTabView.swift */,
				21E2C7C1C2BF4B577E773EFB /* TodayView.swift */,
				2B081C5766302DCB70740F14 /* VibeSearchView.swift */,
			);
			path = Views;
			sourceTree = "<group>";
		};
		BAD7A90D8B9FE44E56854BA5 /* Generated */ = {
			isa = PBXGroup;
			children = (
				1B46B8408922363F8F3ED528 /* Info.plist */,
			);
			path = Generated;
			sourceTree = "<group>";
		};
		C37E10CAFBAAFE82BCA3EEC1 /* Models */ = {
			isa = PBXGroup;
			children = (
				C28169EC0586B53F9F89B2E7 /* Book.swift */,
			);
			path = Models;
			sourceTree = "<group>";
		};
		F815A74F4917F3EB1F1447A3 /* Products */ = {
			isa = PBXGroup;
			children = (
				9D38E5D411645DA14B0AF51A /* Dogear.app */,
			);
			name = Products;
			sourceTree = "<group>";
		};
/* End PBXGroup section */

/* Begin PBXNativeTarget section */
		69D757EADC015F0A35B1E05D /* Dogear */ = {
			isa = PBXNativeTarget;
			buildConfigurationList = E014153D5784AF786C55C09D /* Build configuration list for PBXNativeTarget "Dogear" */;
			buildPhases = (
				149A78ABCFB84A63E819A3CD /* Sources */,
				4F9512F8B182EB7F7BB9C06A /* Resources */,
			);
			buildRules = (
			);
			dependencies = (
			);
			name = Dogear;
			packageProductDependencies = (
			);
			productName = Dogear;
			productReference = 9D38E5D411645DA14B0AF51A /* Dogear.app */;
			productType = "com.apple.product-type.application";
		};
/* End PBXNativeTarget section */

/* Begin PBXProject section */
		CC8D30AF6507EB5DCC6DC560 /* Project object */ = {
			isa = PBXProject;
			attributes = {
				BuildIndependentTargetsInParallel = YES;
				LastUpgradeCheck = 2630;
				TargetAttributes = {
					69D757EADC015F0A35B1E05D = {
						DevelopmentTeam = U6U59A7GGT;
						ProvisioningStyle = Automatic;
					};
				};
			};
			buildConfigurationList = 42F2D4E97F00F0EE9FBC10D5 /* Build configuration list for PBXProject "Dogear" */;
			developmentRegion = en;
			hasScannedForEncodings = 0;
			knownRegions = (
				Base,
				en,
			);
			mainGroup = 0290932C18286E303C3BFA8E;
			minimizedProjectReferenceProxies = 1;
			preferredProjectObjectVersion = 77;
			productRefGroup = F815A74F4917F3EB1F1447A3 /* Products */;
			projectDirPath = "";
			projectRoot = "";
			targets = (
				69D757EADC015F0A35B1E05D /* Dogear */,
			);
		};
/* End PBXProject section */

/* Begin PBXResourcesBuildPhase section */
		4F9512F8B182EB7F7BB9C06A /* Resources */ = {
			isa = PBXResourcesBuildPhase;
			buildActionMask = 2147483647;
			files = (
				D0759359C84DEE65A769BA28 /* Assets.xcassets in Resources */,
			);
			runOnlyForDeploymentPostprocessing = 0;
		};
/* End PBXResourcesBuildPhase section */

/* Begin PBXSourcesBuildPhase section */
		149A78ABCFB84A63E819A3CD /* Sources */ = {
			isa = PBXSourcesBuildPhase;
			buildActionMask = 2147483647;
			files = (
				38A62EFB30E62C717A02B6CE /* AppRootView.swift in Sources */,
				677C57EA87DE231E5FB50D6D /* Book.swift in Sources */,
				8FCD8147D6B79BE8AB84B7D1 /* BookCoverView.swift in Sources */,
				9A2E852356CF2357705AD047 /* BookDetailView.swift in Sources */,
				624820D8DCC44A562ED34F6C /* Color+Dogear.swift in Sources */,
				E1CC8ED3BDEC5EBF40F22F7D /* DogearApp.swift in Sources */,
				6BE93F21AD3CAAAAD641295C /* DogearButton.swift in Sources */,
				407E6592C9286CBAD23CEF2B /* DogearChip.swift in Sources */,
				1662CDEAE4E315CAED701BDF /* HeroReadingCard.swift in Sources */,
				72F4086F52113856D4DA9D33 /* LibraryStore.swift in Sources */,
				1BA3B9778421AC55C039B087 /* Motion.swift in Sources */,
				11D82512F84BEF5AB3255AF9 /* MyShelfView.swift in Sources */,
				58AF95D724B9D74D65C38A11 /* OnboardingView.swift in Sources */,
				FFE1209072A046D943853A12 /* OtherViews.swift in Sources */,
				08B6C2B359DA511F8B6CF3C1 /* Radius.swift in Sources */,
				DC163FF1CF376628C2DCC93C /* ReadingProgressSheet.swift in Sources */,
				2922FB03A48C45097C9A4DA1 /* RecommendationCard.swift in Sources */,
				12AFF6743E64F9705DD728C3 /* RecommendationEngine.swift in Sources */,
				D021A5C5C689E1989A2EEA82 /* RecommendationGrid.swift in Sources */,
				8F787D7CF348666A90D22CA7 /* RecommendationRowView.swift in Sources */,
				487FFA5B5A3A396C7B07F04B /* RootTabView.swift in Sources */,
				BE6DF395AE809B7EDDC92AA2 /* Spacing.swift in Sources */,
				9F3E51CE439393E43F6F3524 /* StartReadingSheet.swift in Sources */,
				C6AF9E2B67FB556AB0F7305F /* StateViews.swift in Sources */,
				3E5267540396AB4614DC2C3F /* TodayView.swift in Sources */,
				F2D9B3F7964F3E3ABAC6A4B6 /* Typography.swift in Sources */,
				913D56AC3CA5AF99C819EA7E /* VibePromptField.swift in Sources */,
				43800295D5E0B300DA3500C8 /* VibeSearchView.swift in Sources */,
			);
			runOnlyForDeploymentPostprocessing = 0;
		};
/* End PBXSourcesBuildPhase section */

/* Begin XCBuildConfiguration section */
		20ED0902DFFC1B794282C51F /* Debug */ = {
			isa = XCBuildConfiguration;
			buildSettings = {
				ASSETCATALOG_COMPILER_APPICON_NAME = AppIcon;
				CODE_SIGN_IDENTITY = "iPhone Developer";
				CODE_SIGN_STYLE = Automatic;
				DEVELOPMENT_TEAM = U6U59A7GGT;
				GENERATE_INFOPLIST_FILE = NO;
				INFOPLIST_FILE = Generated/Info.plist;
				LD_RUNPATH_SEARCH_PATHS = (
					"$(inherited)",
					"@executable_path/Frameworks",
				);
				PRODUCT_BUNDLE_IDENTIFIER = com.walkerberryman.dogear;
				SDKROOT = iphoneos;
				TARGETED_DEVICE_FAMILY = 1;
			};
			name = Debug;
		};
		B7DE196459AF598127252BCC /* Release */ = {
			isa = XCBuildConfiguration;
			buildSettings = {
				ASSETCATALOG_COMPILER_APPICON_NAME = AppIcon;
				CODE_SIGN_IDENTITY = "iPhone Developer";
				CODE_SIGN_STYLE = Automatic;
				DEVELOPMENT_TEAM = U6U59A7GGT;
				GENERATE_INFOPLIST_FILE = NO;
				INFOPLIST_FILE = Generated/Info.plist;
				LD_RUNPATH_SEARCH_PATHS = (
					"$(inherited)",
					"@executable_path/Frameworks",
				);
				PRODUCT_BUNDLE_IDENTIFIER = com.walkerberryman.dogear;
				SDKROOT = iphoneos;
				TARGETED_DEVICE_FAMILY = 1;
			};
			name = Release;
		};
		D53EEC70D09F9F45B6CBE1CD /* Debug */ = {
			isa = XCBuildConfiguration;
			buildSettings = {
				ALWAYS_SEARCH_USER_PATHS = NO;
				CLANG_ANALYZER_NONNULL = YES;
				CLANG_ANALYZER_NUMBER_OBJECT_CONVERSION = YES_AGGRESSIVE;
				CLANG_CXX_LANGUAGE_STANDARD = "gnu++14";
				CLANG_CXX_LIBRARY = "libc++";
				CLANG_ENABLE_MODULES = YES;
				CLANG_ENABLE_OBJC_ARC = YES;
				CLANG_ENABLE_OBJC_WEAK = YES;
				CLANG_WARN_BLOCK_CAPTURE_AUTORELEASING = YES;
				CLANG_WARN_BOOL_CONVERSION = YES;
				CLANG_WARN_COMMA = YES;
				CLANG_WARN_CONSTANT_CONVERSION = YES;
				CLANG_WARN_DEPRECATED_OBJC_IMPLEMENTATIONS = YES;
				CLANG_WARN_DIRECT_OBJC_ISA_USAGE = YES_ERROR;
				CLANG_WARN_DOCUMENTATION_COMMENTS = YES;
				CLANG_WARN_EMPTY_BODY = YES;
				CLANG_WARN_ENUM_CONVERSION = YES;
				CLANG_WARN_INFINITE_RECURSION = YES;
				CLANG_WARN_INT_CONVERSION = YES;
				CLANG_WARN_NON_LITERAL_NULL_CONVERSION = YES;
				CLANG_WARN_OBJC_IMPLICIT_RETAIN_SELF = YES;
				CLANG_WARN_OBJC_LITERAL_CONVERSION = YES;
				CLANG_WARN_OBJC_ROOT_CLASS = YES_ERROR;
				CLANG_WARN_QUOTED_INCLUDE_IN_FRAMEWORK_HEADER = YES;
				CLANG_WARN_RANGE_LOOP_ANALYSIS = YES;
				CLANG_WARN_STRICT_PROTOTYPES = YES;
				CLANG_WARN_SUSPICIOUS_MOVE = YES;
				CLANG_WARN_UNGUARDED_AVAILABILITY = YES_AGGRESSIVE;
				CLANG_WARN_UNREACHABLE_CODE = YES;
				CLANG_WARN__DUPLICATE_METHOD_MATCH = YES;
				COPY_PHASE_STRIP = NO;
				DEBUG_INFORMATION_FORMAT = dwarf;
				ENABLE_STRICT_OBJC_MSGSEND = YES;
				ENABLE_TESTABILITY = YES;
				ENABLE_USER_SCRIPT_SANDBOXING = YES;
				GCC_C_LANGUAGE_STANDARD = gnu11;
				GCC_DYNAMIC_NO_PIC = NO;
				GCC_NO_COMMON_BLOCKS = YES;
				GCC_OPTIMIZATION_LEVEL = 0;
				GCC_PREPROCESSOR_DEFINITIONS = (
					"$(inherited)",
					"DEBUG=1",
				);
				GCC_WARN_64_TO_32_BIT_CONVERSION = YES;
				GCC_WARN_ABOUT_RETURN_TYPE = YES_ERROR;
				GCC_WARN_UNDECLARED_SELECTOR = YES;
				GCC_WARN_UNINITIALIZED_AUTOS = YES_AGGRESSIVE;
				GCC_WARN_UNUSED_FUNCTION = YES;
				GCC_WARN_UNUSED_VARIABLE = YES;
				IPHONEOS_DEPLOYMENT_TARGET = 17.0;
				MTL_ENABLE_DEBUG_INFO = INCLUDE_SOURCE;
				MTL_FAST_MATH = YES;
				ONLY_ACTIVE_ARCH = YES;
				PRODUCT_NAME = "$(TARGET_NAME)";
				SDKROOT = iphoneos;
				STRING_CATALOG_GENERATE_SYMBOLS = YES;
				SWIFT_ACTIVE_COMPILATION_CONDITIONS = DEBUG;
				SWIFT_OPTIMIZATION_LEVEL = "-Onone";
				SWIFT_VERSION = 5.0;
			};
			name = Debug;
		};
		EF27C75638FBDFC612DBA057 /* Release */ = {
			isa = XCBuildConfiguration;
			buildSettings = {
				ALWAYS_SEARCH_USER_PATHS = NO;
				CLANG_ANALYZER_NONNULL = YES;
				CLANG_ANALYZER_NUMBER_OBJECT_CONVERSION = YES_AGGRESSIVE;
				CLANG_CXX_LANGUAGE_STANDARD = "gnu++14";
				CLANG_CXX_LIBRARY = "libc++";
				CLANG_ENABLE_MODULES = YES;
				CLANG_ENABLE_OBJC_ARC = YES;
				CLANG_ENABLE_OBJC_WEAK = YES;
				CLANG_WARN_BLOCK_CAPTURE_AUTORELEASING = YES;
				CLANG_WARN_BOOL_CONVERSION = YES;
				CLANG_WARN_COMMA = YES;
				CLANG_WARN_CONSTANT_CONVERSION = YES;
				CLANG_WARN_DEPRECATED_OBJC_IMPLEMENTATIONS = YES;
				CLANG_WARN_DIRECT_OBJC_ISA_USAGE = YES_ERROR;
				CLANG_WARN_DOCUMENTATION_COMMENTS = YES;
				CLANG_WARN_EMPTY_BODY = YES;
				CLANG_WARN_ENUM_CONVERSION = YES;
				CLANG_WARN_INFINITE_RECURSION = YES;
				CLANG_WARN_INT_CONVERSION = YES;
				CLANG_WARN_NON_LITERAL_NULL_CONVERSION = YES;
				CLANG_WARN_OBJC_IMPLICIT_RETAIN_SELF = YES;
				CLANG_WARN_OBJC_LITERAL_CONVERSION = YES;
				CLANG_WARN_OBJC_ROOT_CLASS = YES_ERROR;
				CLANG_WARN_QUOTED_INCLUDE_IN_FRAMEWORK_HEADER = YES;
				CLANG_WARN_RANGE_LOOP_ANALYSIS = YES;
				CLANG_WARN_STRICT_PROTOTYPES = YES;
				CLANG_WARN_SUSPICIOUS_MOVE = YES;
				CLANG_WARN_UNGUARDED_AVAILABILITY = YES_AGGRESSIVE;
				CLANG_WARN_UNREACHABLE_CODE = YES;
				CLANG_WARN__DUPLICATE_METHOD_MATCH = YES;
				COPY_PHASE_STRIP = NO;
				DEBUG_INFORMATION_FORMAT = "dwarf-with-dsym";
				ENABLE_NS_ASSERTIONS = NO;
				ENABLE_STRICT_OBJC_MSGSEND = YES;
				ENABLE_USER_SCRIPT_SANDBOXING = YES;
				GCC_C_LANGUAGE_STANDARD = gnu11;
				GCC_NO_COMMON_BLOCKS = YES;
				GCC_WARN_64_TO_32_BIT_CONVERSION = YES;
				GCC_WARN_ABOUT_RETURN_TYPE = YES_ERROR;
				GCC_WARN_UNDECLARED_SELECTOR = YES;
				GCC_WARN_UNINITIALIZED_AUTOS = YES_AGGRESSIVE;
				GCC_WARN_UNUSED_FUNCTION = YES;
				GCC_WARN_UNUSED_VARIABLE = YES;
				IPHONEOS_DEPLOYMENT_TARGET = 17.0;
				MTL_ENABLE_DEBUG_INFO = NO;
				MTL_FAST_MATH = YES;
				PRODUCT_NAME = "$(TARGET_NAME)";
				SDKROOT = iphoneos;
				STRING_CATALOG_GENERATE_SYMBOLS = YES;
				SWIFT_COMPILATION_MODE = wholemodule;
				SWIFT_OPTIMIZATION_LEVEL = "-O";
				SWIFT_VERSION = 5.0;
			};
			name = Release;
		};
/* End XCBuildConfiguration section */

/* Begin XCConfigurationList section */
		42F2D4E97F00F0EE9FBC10D5 /* Build configuration list for PBXProject "Dogear" */ = {
			isa = XCConfigurationList;
			buildConfigurations = (
				D53EEC70D09F9F45B6CBE1CD /* Debug */,
				EF27C75638FBDFC612DBA057 /* Release */,
			);
			defaultConfigurationIsVisible = 0;
			defaultConfigurationName = Debug;
		};
		E014153D5784AF786C55C09D /* Build configuration list for PBXNativeTarget "Dogear" */ = {
			isa = XCConfigurationList;
			buildConfigurations = (
				20ED0902DFFC1B794282C51F /* Debug */,
				B7DE196459AF598127252BCC /* Release */,
			);
			defaultConfigurationIsVisible = 0;
			defaultConfigurationName = Debug;
		};
/* End XCConfigurationList section */
	};
	rootObject = CC8D30AF6507EB5DCC6DC560 /* Project object */;
}
